// !$*UTF8*$!
{
	archiveVersion = 1;
	classes = {
	};
	objectVersion = 46;
	objects = {

/* Begin PBXBuildFile section */
		3334A7A61D1A70100002F542 /* main.m in Sources */ = {isa = PBXBuildFile; fileRef = 3334A7A51D1A70100002F542 /* main.m */; };
		3334A7A91D1A70100002F542 /* AppDelegate.m in Sources */ = {isa = PBXBuildFile; fileRef = 3334A7A81D1A70100002F542 /* AppDelegate.m */; };
		3334A7AC1D1A70100002F542 /* ViewController.m in Sources */ = {isa = PBXBuildFile; fileRef = 3334A7AB1D1A70100002F542 /* ViewController.m */; };
		3334A7B11D1A70100002F542 /* Assets.xcassets in Resources */ = {isa = PBXBuildFile; fileRef = 3334A7B01D1A70100002F542 /* Assets.xcassets */; };
		3334A7B41D1A70100002F542 /* LaunchScreen.storyboard in Resources */ = {isa = PBXBuildFile; fileRef = 3334A7B21D1A70100002F542 /* LaunchScreen.storyboard */; };
		3334A7BC1D1A70510002F542 /* ViewController.xib in Resources */ = {isa = PBXBuildFile; fileRef = 3334A7BB1D1A70510002F542 /* ViewController.xib */; };
		3342E85B1D22697E00D12B7C /* CGKDropDownOverlay.m in Sources */ = {isa = PBXBuildFile; fileRef = 3342E8591D22697E00D12B7C /* CGKDropDownOverlay.m */; };
		3342E85C1D22697E00D12B7C /* CGKDropDownOverlay.xib in Resources */ = {isa = PBXBuildFile; fileRef = 3342E85A1D22697E00D12B7C /* CGKDropDownOverlay.xib */; };
/* End PBXBuildFile section */

/* Begin PBXFileReference section */
		3334A7A11D1A70100002F542 /* DropDownDemo.app */ = {isa = PBXFileReference; explicitFileType = wrapper.application; includeInIndex = 0; path = DropDownDemo.app; sourceTree = BUILT_PRODUCTS_DIR; };
		3334A7A51D1A70100002F542 /* main.m */ = {isa = PBXFileReference; lastKnownFileType = sourcecode.c.objc; path = main.m; sourceTree = "<group>"; };
		3334A7A71D1A70100002F542 /* AppDelegate.h */ = {isa = PBXFileReference; lastKnownFileType = sourcecode.c.h; path = AppDelegate.h; sourceTree = "<group>"; };
		3334A7A81D1A70100002F542 /* AppDelegate.m */ = {isa = PBXFileReference; lastKnownFileType = sourcecode.c.objc; path = AppDelegate.m; sourceTree = "<group>"; };
		3334A7AA1D1A70100002F542 /* ViewController.h */ = {isa = PBXFileReference; lastKnownFileType = sourcecode.c.h; path = ViewController.h; sourceTree = "<group>"; };
		3334A7AB1D1A70100002F542 /* ViewController.m */ = {isa = PBXFileReference; lastKnownFileType = sourcecode.c.objc; path = ViewController.m; sourceTree = "<group>"; };
		3334A7B01D1A70100002F542 /* Assets.xcassets */ = {isa = PBXFileReference; lastKnownFileType = folder.assetcatalog; path = Assets.xcassets; sourceTree = "<group>"; };
		3334A7B31D1A70100002F542 /* Base */ = {isa = PBXFileReference; lastKnownFileType = file.storyboard; name = Base; path = Base.lproj/LaunchScreen.storyboard; sourceTree = "<group>"; };
		3334A7B51D1A70100002F542 /* Info.plist */ = {isa = PBXFileReference; lastKnownFileType = text.plist.xml; path = Info.plist; sourceTree = "<group>"; };
		3334A7BB1D1A70510002F542 /* ViewController.xib */ = {isa = PBXFileReference; fileEncoding = 4; lastKnownFileType = file.xib; path = ViewController.xib; sourceTree = "<group>"; };
		3342E8581D22697E00D12B7C /* CGKDropDownOverlay.h */ = {isa = PBXFileReference; fileEncoding = 4; lastKnownFileType = sourcecode.c.h; name = CGKDropDownOverlay.h; path = ../../CGKDropDownOverlay/CGKDropDownOverlay.h; sourceTree = "<group>"; };
		3342E8591D22697E00D12B7C /* CGKDropDownOverlay.m */ = {isa = PBXFileReference; fileEncoding = 4; lastKnownFileType = sourcecode.c.objc; name = CGKDropDownOverlay.m; path = ../../CGKDropDownOverlay/CGKDropDownOverlay.m; sourceTree = "<group>"; };
		3342E85A1D22697E00D12B7C /* CGKDropDownOverlay.xib */ = {isa = PBXFileReference; fileEncoding = 4; lastKnownFileType = file.xib; name = CGKDropDownOverlay.xib; path = ../../CGKDropDownOverlay/CGKDropDownOverlay.xib; sourceTree = "<group>"; };
/* End PBXFileReference section */

/* Begin PBXFrameworksBuildPhase section */
		3334A79E1D1A70100002F542 /* Frameworks */ = {
			isa = PBXFrameworksBuildPhase;
			buildActionMask = 2147483647;
			files = (
			);
			runOnlyForDeploymentPostprocessing = 0;
		};
/* End PBXFrameworksBuildPhase section */

/* Begin PBXGroup section */
		3334A7981D1A70100002F542 = {
			isa = PBXGroup;
			children = (
				3334A7A31D1A70100002F542 /* DropDownDemo */,
				3334A7A21D1A70100002F542 /* Products */,
			);
			sourceTree = "<group>";
		};
		3334A7A21D1A70100002F542 /* Products */ = {
			isa = PBXGroup;
			children = (
				3334A7A11D1A70100002F542 /* DropDownDemo.app */,
			);
			name = Products;
			sourceTree = "<group>";
		};
		3334A7A31D1A70100002F542 /* DropDownDemo */ = {
			isa = PBXGroup;
			children = (
				3334A7BD1D1A71740002F542 /* DropDown */,
				3334A7A71D1A70100002F542 /* AppDelegate.h */,
				3334A7A81D1A70100002F542 /* AppDelegate.m */,
				3334A7AA1D1A70100002F542 /* ViewController.h */,
				3334A7AB1D1A70100002F542 /* ViewController.m */,
				3334A7BB1D1A70510002F542 /* ViewController.xib */,
				3334A7B01D1A70100002F542 /* Assets.xcassets */,
				3334A7B21D1A70100002F542 /* LaunchScreen.storyboard */,
				3334A7B51D1A70100002F542 /* Info.plist */,
				3334A7A41D1A70100002F542 /* Supporting Files */,
			);
			path = DropDownDemo;
			sourceTree = "<group>";
		};
		3334A7A41D1A70100002F542 /* Supporting Files */ = {
			isa = PBXGroup;
			children = (
				3334A7A51D1A70100002F542 /* main.m */,
			);
			name = "Supporting Files";
			sourceTree = "<group>";
		};
		3334A7BD1D1A71740002F542 /* DropDown */ = {
			isa = PBXGroup;
			children = (
				3342E8581D22697E00D12B7C /* CGKDropDownOverlay.h */,
				3342E8591D22697E00D12B7C /* CGKDropDownOverlay.m */,
				3342E85A1D22697E00D12B7C /* CGKDropDownOverlay.xib */,
			);
			name = DropDown;
			sourceTree = "<group>";
		};
/* End PBXGroup section */

/* Begin PBXNativeTarget section */
		3334A7A01D1A70100002F542 /* DropDownDemo */ = {
			isa = PBXNativeTarget;
			buildConfigurationList = 3334A7B81D1A70100002F542 /* Build configuration list for PBXNativeTarget "DropDownDemo" */;
			buildPhases = (
				3334A79D1D1A70100002F542 /* Sources */,
				3334A79E1D1A70100002F542 /* Frameworks */,
				3334A79F1D1A70100002F542 /* Resources */,
			);
			buildRules = (
			);
			dependencies = (
			);
			name = DropDownDemo;
			productName = DropDownDemo;
			productReference = 3334A7A11D1A70100002F542 /* DropDownDemo.app */;
			productType = "com.apple.product-type.application";
		};
/* End PBXNativeTarget section */

/* Begin PBXProject section */
		3334A7991D1A70100002F542 /* Project object */ = {
			isa = PBXProject;
			attributes = {
				LastUpgradeCheck = 0730;
				ORGANIZATIONNAME = NPCompete;
				TargetAttributes = {
					3334A7A01D1A70100002F542 = {
						CreatedOnToolsVersion = 7.3;
					};
				};
			};
			buildConfigurationList = 3334A79C1D1A70100002F542 /* Build configuration list for PBXProject "DropDownDemo" */;
			compatibilityVersion = "Xcode 3.2";
			developmentRegion = English;
			hasScannedForEncodings = 0;
			knownRegions = (
				en,
				Base,
			);
			mainGroup = 3334A7981D1A70100002F542;
			productRefGroup = 3334A7A21D1A70100002F542 /* Products */;
			projectDirPath = "";
			projectRoot = "";
			targets = (
				3334A7A01D1A70100002F542 /* DropDownDemo */,
			);
		};
/* End PBXProject section */

/* Begin PBXResourcesBuildPhase section */
		3334A79F1D1A70100002F542 /* Resources */ = {
			isa = PBXResourcesBuildPhase;
			buildActionMask = 2147483647;
			files = (
				3334A7B41D1A70100002F542 /* LaunchScreen.storyboard in Resources */,
				3334A7BC1D1A70510002F542 /* ViewController.xib in Resources */,
				3334A7B11D1A70100002F542 /* Assets.xcassets in Resources */,
				3342E85C1D22697E00D12B7C /* CGKDropDownOverlay.xib in Resources */,
			);
			runOnlyForDeploymentPostprocessing = 0;
		};
/* End PBXResourcesBuildPhase section */

/* Begin PBXSourcesBuildPhase section */
		3334A79D1D1A70100002F542 /* Sources */ = {
			isa = PBXSourcesBuildPhase;
			buildActionMask = 2147483647;
			files = (
				3334A7AC1D1A70100002F542 /* ViewController.m in Sources */,
				3334A7A91D1A70100002F542 /* AppDelegate.m in Sources */,
				3334A7A61D1A70100002F542 /* main.m in Sources */,
				3342E85B1D22697E00D12B7C /* CGKDropDownOverlay.m in Sources */,
			);
			runOnlyForDeploymentPostprocessing = 0;
		};
/* End PBXSourcesBuildPhase section */

/* Begin PBXVariantGroup section */
		3334A7B21D1A70100002F542 /* LaunchScreen.storyboard */ = {
			isa = PBXVariantGroup;
			children = (
				3334A7B31D1A70100002F542 /* Base */,
			);
			name = LaunchScreen.storyboard;
			sourceTree = "<group>";
		};
/* End PBXVariantGroup section */

/* Begin XCBuildConfiguration section */
		3334A7B61D1A70100002F542 /* Debug */ = {
			isa = XCBuildConfiguration;
			buildSettings = {
				ALWAYS_SEARCH_USER_PATHS = NO;
				CLANG_ANALYZER_NONNULL = YES;
				CLANG_CXX_LANGUAGE_STANDARD = "gnu++0x";
				CLANG_CXX_LIBRARY = "libc++";
				CLANG_ENABLE_MODULES = YES;
				CLANG_ENABLE_OBJC_ARC = YES;
				CLANG_WARN_BOOL_CONVERSION = YES;
				CLANG_WARN_CONSTANT_CONVERSION = YES;
				CLANG_WARN_DIRECT_OBJC_ISA_USAGE = YES_ERROR;
				CLANG_WARN_EMPTY_BODY = YES;
				CLANG_WARN_ENUM_CONVERSION = YES;
				CLANG_WARN_INT_CONVERSION = YES;
				CLANG_WARN_OBJC_ROOT_CLASS = YES_ERROR;
				CLANG_WARN_UNREACHABLE_CODE = YES;
				CLANG_WARN__DUPLICATE_METHOD_MATCH = YES;
				"CODE_SIGN_IDENTITY[sdk=iphoneos*]" = "iPhone Developer";
				COPY_PHASE_STRIP = NO;
				DEBUG_INFORMATION_FORMAT = dwarf;
				ENABLE_STRICT_OBJC_MSGSEND = YES;
				ENABLE_TESTABILITY = YES;
				GCC_C_LANGUAGE_STANDARD = gnu99;
				GCC_DYNAMIC_NO_PIC = NO;
				GCC_NO_COMMON_BLOCKS = YES;
				GCC_OPTIMIZATION_LEVEL = 0;
				GCC_PREPROCESSOR_DEFINITIONS = (
					"DEBUG=1",
					"$(inherited)",
				);
				GCC_WARN_64_TO_32_BIT_CONVERSION = YES;
				GCC_WARN_ABOUT_RETURN_TYPE = YES_ERROR;
				GCC_WARN_UNDECLARED_SELECTOR = YES;
				GCC_WARN_UNINITIALIZED_AUTOS = YES_AGGRESSIVE;
				GCC_WARN_UNUSED_FUNCTION = YES;
				GCC_WARN_UNUSED_VARIABLE = YES;
				IPHONEOS_DEPLOYMENT_TARGET = 9.3;
				MTL_ENABLE_DEBUG_INFO = YES;
				ONLY_ACTIVE_ARCH = YES;
				SDKROOT = iphoneos;
				TARGETED_DEVICE_FAMILY = "1,2";
			};
			name = Debug;
		};
		3334A7B71D1A70100002F542 /* Release */ = {
			isa = XCBuildConfiguration;
			buildSettings = {
				ALWAYS_SEARCH_USER_PATHS = NO;
				CLANG_ANALYZER_NONNULL = YES;
				CLANG_CXX_LANGUAGE_STANDARD = "gnu++0x";
				CLANG_CXX_LIBRARY = "libc++";
				CLANG_ENABLE_MODULES = YES;
				CLANG_ENABLE_OBJC_ARC = YES;
				CLANG_WARN_BOOL_CONVERSION = YES;
				CLANG_WARN_CONSTANT_CONVERSION = YES;
				CLANG_WARN_DIRECT_OBJC_ISA_USAGE = YES_ERROR;
				CLANG_WARN_EMPTY_BODY = YES;
				CLANG_WARN_ENUM_CONVERSION = YES;
				CLANG_WARN_INT_CONVERSION = YES;
				CLANG_WARN_OBJC_ROOT_CLASS = YES_ERROR;
				CLANG_WARN_UNREACHABLE_CODE = YES;
				CLANG_WARN__DUPLICATE_METHOD_MATCH = YES;
				"CODE_SIGN_IDENTITY[sdk=iphoneos*]" = "iPhone Developer";
				COPY_PHASE_STRIP = NO;
				DEBUG_INFORMATION_FORMAT = "dwarf-with-dsym";
				ENABLE_NS_ASSERTIONS = NO;
				ENABLE_STRICT_OBJC_MSGSEND = YES;
				GCC_C_LANGUAGE_STANDARD = gnu99;
				GCC_NO_COMMON_BLOCKS = YES;
				GCC_WARN_64_TO_32_BIT_CONVERSION = YES;
				GCC_WARN_ABOUT_RETURN_TYPE = YES_ERROR;
				GCC_WARN_UNDECLARED_SELECTOR = YES;
				GCC_WARN_UNINITIALIZED_AUTOS = YES_AGGRESSIVE;
				GCC_WARN_UNUSED_FUNCTION = YES;
				GCC_WARN_UNUSED_VARIABLE = YES;
				IPHONEOS_DEPLOYMENT_TARGET = 9.3;
				MTL_ENABLE_DEBUG_INFO = NO;
				SDKROOT = iphoneos;
				TARGETED_DEVICE_FAMILY = "1,2";
				VALIDATE_PRODUCT = YES;
			};
			name = Release;
		};
		3334A7B91D1A70100002F542 /* Debug */ = {
			isa = XCBuildConfiguration;
			buildSettings = {
				ASSETCATALOG_COMPILER_APPICON_NAME = AppIcon;
				INFOPLIST_FILE = DropDownDemo/Info.plist;
				LD_RUNPATH_SEARCH_PATHS = "$(inherited) @executable_path/Frameworks";
				PRODUCT_BUNDLE_IDENTIFIER = com.npcom.demos.DropDownDemo;
				PRODUCT_NAME = "$(TARGET_NAME)";
			};
			name = Debug;
		};
		3334A7BA1D1A70100002F542 /* Release */ = {
			isa = XCBuildConfiguration;
			buildSettings = {
				ASSETCATALOG_COMPILER_APPICON_NAME = AppIcon;
				INFOPLIST_FILE = DropDownDemo/Info.plist;
				LD_RUNPATH_SEARCH_PATHS = "$(inherited) @executable_path/Frameworks";
				PRODUCT_BUNDLE_IDENTIFIER = com.npcom.demos.DropDownDemo;
				PRODUCT_NAME = "$(TARGET_NAME)";
			};
			name = Release;
		};
/* End XCBuildConfiguration section */

/* Begin XCConfigurationList section */
		3334A79C1D1A70100002F542 /* Build configuration list for PBXProject "DropDownDemo" */ = {
			isa = XCConfigurationList;
			buildConfigurations = (
				3334A7B61D1A70100002F542 /* Debug */,
				3334A7B71D1A70100002F542 /* Release */,
			);
			defaultConfigurationIsVisible = 0;
			defaultConfigurationName = Release;
		};
		3334A7B81D1A70100002F542 /* Build configuration list for PBXNativeTarget "DropDownDemo" */ = {
			isa = XCConfigurationList;
			buildConfigurations = (
				3334A7B91D1A70100002F542 /* Debug */,
				3334A7BA1D1A70100002F542 /* Release */,
			);
			defaultConfigurationIsVisible = 0;
			defaultConfigurationName = Release;
		};
/* End XCConfigurationList section */
	};
	rootObject = 3334A7991D1A70100002F542 /* Project object */;
}
